
Microsoft Visual Studio Solution File, Format Version 12.00
# Visual Studio Version 17
VisualStudioVersion = 17.11.35312.102
MinimumVisualStudioVersion = 10.0.40219.1
Project("{9A19103F-16F7-4668-BE54-9A1E7A4F7556}") = "AggregationAPI", "AggregationAPI\AggregationAPI.csproj", "{9DFC5A7A-5B2F-4609-86B8-9C1D01176532}"
EndProject
Project("{2150E333-8FDC-42A3-9474-1A3956D46DE8}") = "Services", "Services", "{AE4EA440-E7F8-4768-A68A-F9970657F549}"
EndProject
Project("{9A19103F-16F7-4668-BE54-9A1E7A4F7556}") = "WeatherAPI", "WeatherAPI\WeatherAPI.csproj", "{48088EBC-CC62-44C7-A530-61B02C9943A4}"
EndProject
Project("{9A19103F-16F7-4668-BE54-9A1E7A4F7556}") = "NewsAPI", "NewsAPI\NewsAPI.csproj", "{940A4056-9FC0-4E2A-AF8B-C81DB9CD0B23}"
EndProject
Project("{9A19103F-16F7-4668-BE54-9A1E7A4F7556}") = "SpotifyAPI", "SpotifyAPI\SpotifyAPI.csproj", "{075691CE-0F31-44DA-A0F6-8A9D12D6E87F}"
EndProject
Project("{2150E333-8FDC-42A3-9474-1A3956D46DE8}") = "Tests", "Tests", "{0918C67F-5383-4383-A4C9-D2BF21500202}"
EndProject
Project("{9A19103F-16F7-4668-BE54-9A1E7A4F7556}") = "NewsTest", "NewsTest\NewsTest.csproj", "{C212A442-8213-42B4-9E7C-2A77922334FD}"
EndProject
Project("{FAE04EC0-301F-11D3-BF4B-00C04F79EFBC}") = "WeatherTest", "WeatherTest\WeatherTest.csproj", "{B6888685-840F-4BC4-8F3A-713641C0A119}"
EndProject
Project("{2150E333-8FDC-42A3-9474-1A3956D46DE8}") = "Documents", "Documents", "{8AC31D26-DAF9-44A6-902D-85C400FDF946}"
	ProjectSection(SolutionItems) = preProject
		Document.txt = Document.txt
	EndProjectSection
EndProject
Global
	GlobalSection(SolutionConfigurationPlatforms) = preSolution
		Debug|Any CPU = Debug|Any CPU
		Release|Any CPU = Release|Any CPU
	EndGlobalSection
	GlobalSection(ProjectConfigurationPlatforms) = postSolution
		{9DFC5A7A-5B2F-4609-86B8-9C1D01176532}.Debug|Any CPU.ActiveCfg = Debug|Any CPU
		{9DFC5A7A-5B2F-4609-86B8-9C1D01176532}.Debug|Any CPU.Build.0 = Debug|Any CPU
		{9DFC5A7A-5B2F-4609-86B8-9C1D01176532}.Release|Any CPU.ActiveCfg = Release|Any CPU
		{9DFC5A7A-5B2F-4609-86B8-9C1D01176532}.Release|Any CPU.Build.0 = Release|Any CPU
		{48088EBC-CC62-44C7-A530-61B02C9943A4}.Debug|Any CPU.ActiveCfg = Debug|Any CPU
		{48088EBC-CC62-44C7-A530-61B02C9943A4}.Debug|Any CPU.Build.0 = Debug|Any CPU
		{48088EBC-CC62-44C7-A530-61B02C9943A4}.Release|Any CPU.ActiveCfg = Release|Any CPU
		{48088EBC-CC62-44C7-A530-61B02C9943A4}.Release|Any CPU.Build.0 = Release|Any CPU
		{940A4056-9FC0-4E2A-AF8B-C81DB9CD0B23}.Debug|Any CPU.ActiveCfg = Debug|Any CPU
		{940A4056-9FC0-4E2A-AF8B-C81DB9CD0B23}.Debug|Any CPU.Build.0 = Debug|Any CPU
		{940A4056-9FC0-4E2A-AF8B-C81DB9CD0B23}.Release|Any CPU.ActiveCfg = Release|Any CPU
		{940A4056-9FC0-4E2A-AF8B-C81DB9CD0B23}.Release|Any CPU.Build.0 = Release|Any CPU
		{075691CE-0F31-44DA-A0F6-8A9D12D6E87F}.Debug|Any CPU.ActiveCfg = Debug|Any CPU
		{075691CE-0F31-44DA-A0F6-8A9D12D6E87F}.Debug|Any CPU.Build.0 = Debug|Any CPU
		{075691CE-0F31-44DA-A0F6-8A9D12D6E87F}.Release|Any CPU.ActiveCfg = Release|Any CPU
		{075691CE-0F31-44DA-A0F6-8A9D12D6E87F}.Release|Any CPU.Build.0 = Release|Any CPU
		{C212A442-8213-42B4-9E7C-2A77922334FD}.Debug|Any CPU.ActiveCfg = Debug|Any CPU
		{C212A442-8213-42B4-9E7C-2A77922334FD}.Debug|Any CPU.Build.0 = Debug|Any CPU
		{C212A442-8213-42B4-9E7C-2A77922334FD}.Release|Any CPU.ActiveCfg = Release|Any CPU
		{C212A442-8213-42B4-9E7C-2A77922334FD}.Release|Any CPU.Build.0 = Release|Any CPU
		{B6888685-840F-4BC4-8F3A-713641C0A119}.Debug|Any CPU.ActiveCfg = Debug|Any CPU
		{B6888685-840F-4BC4-8F3A-713641C0A119}.Debug|Any CPU.Build.0 = Debug|Any CPU
		{B6888685-840F-4BC4-8F3A-713641C0A119}.Release|Any CPU.ActiveCfg = Release|Any CPU
		{B6888685-840F-4BC4-8F3A-713641C0A119}.Release|Any CPU.Build.0 = Release|Any CPU
	EndGlobalSection
	GlobalSection(SolutionProperties) = preSolution
		HideSolutionNode = FALSE
	EndGlobalSection
	GlobalSection(NestedProjects) = preSolution
		{48088EBC-CC62-44C7-A530-61B02C9943A4} = {AE4EA440-E7F8-4768-A68A-F9970657F549}
		{940A4056-9FC0-4E2A-AF8B-C81DB9CD0B23} = {AE4EA440-E7F8-4768-A68A-F9970657F549}
		{075691CE-0F31-44DA-A0F6-8A9D12D6E87F} = {AE4EA440-E7F8-4768-A68A-F9970657F549}
		{C212A442-8213-42B4-9E7C-2A77922334FD} = {0918C67F-5383-4383-A4C9-D2BF21500202}
		{B6888685-840F-4BC4-8F3A-713641C0A119} = {0918C67F-5383-4383-A4C9-D2BF21500202}
	EndGlobalSection
	GlobalSection(ExtensibilityGlobals) = postSolution
		SolutionGuid = {6D6C316D-AF8E-4CAD-8DAF-15149925D57C}
	EndGlobalSection
EndGlobal
